
Microsoft Visual Studio Solution File, Format Version 12.00
# Visual Studio Version 17
VisualStudioVersion = 17.5.33516.290
MinimumVisualStudioVersion = 10.0.40219.1
Project("{8BC9CEB8-8B4A-11D0-8D11-00A0C91BC942}") = "PolynomTest", "PolynomTest.vcxproj", "{DC2D0D89-0EED-4BC1-B111-A42CD716FAA9}"
EndProject
Global
	GlobalSection(SolutionConfigurationPlatforms) = preSolution
		Debug|x64 = Debug|x64
		Debug|x86 = Debug|x86
		Release|x64 = Release|x64
		Release|x86 = Release|x86
	EndGlobalSection
	GlobalSection(ProjectConfigurationPlatforms) = postSolution
		{DC2D0D89-0EED-4BC1-B111-A42CD716FAA9}.Debug|x64.ActiveCfg = Debug|x64
		{DC2D0D89-0EED-4BC1-B111-A42CD716FAA9}.Debug|x64.Build.0 = Debug|x64
		{DC2D0D89-0EED-4BC1-B111-A42CD716FAA9}.Debug|x86.ActiveCfg = Debug|Win32
		{DC2D0D89-0EED-4BC1-B111-A42CD716FAA9}.Debug|x86.Build.0 = Debug|Win32
		{DC2D0D89-0EED-4BC1-B111-A42CD716FAA9}.Release|x64.ActiveCfg = Release|x64
		{DC2D0D89-0EED-4BC1-B111-A42CD716FAA9}.Release|x64.Build.0 = Release|x64
		{DC2D0D89-0EED-4BC1-B111-A42CD716FAA9}.Release|x86.ActiveCfg = Release|Win32
		{DC2D0D89-0EED-4BC1-B111-A42CD716FAA9}.Release|x86.Build.0 = Release|Win32
	EndGlobalSection
	GlobalSection(SolutionProperties) = preSolution
		HideSolutionNode = FALSE
	EndGlobalSection
	GlobalSection(ExtensibilityGlobals) = postSolution
		SolutionGuid = {4B4182B0-2195-421D-9F91-E8ABD54DB88B}
	EndGlobalSection
EndGlobal
